
Microsoft Visual Studio Solution File, Format Version 12.00
# Visual Studio Version 17
VisualStudioVersion = 17.0.32112.339
MinimumVisualStudioVersion = 10.0.40219.1
Project("{FAE04EC0-301F-11D3-BF4B-00C04F79EFBC}") = "CMP409_Compilers", "CMP409_Compilers\CMP409_Compilers.csproj", "{04BEF9B2-1068-457A-887D-E028A1202699}"
EndProject
Global
	GlobalSection(SolutionConfigurationPlatforms) = preSolution
		Debug|Any CPU = Debug|Any CPU
		Release|Any CPU = Release|Any CPU
	EndGlobalSection
	GlobalSection(ProjectConfigurationPlatforms) = postSolution
		{04BEF9B2-1068-457A-887D-E028A1202699}.Debug|Any CPU.ActiveCfg = Debug|Any CPU
		{04BEF9B2-1068-457A-887D-E028A1202699}.Debug|Any CPU.Build.0 = Debug|Any CPU
		{04BEF9B2-1068-457A-887D-E028A1202699}.Release|Any CPU.ActiveCfg = Release|Any CPU
		{04BEF9B2-1068-457A-887D-E028A1202699}.Release|Any CPU.Build.0 = Release|Any CPU
	EndGlobalSection
	GlobalSection(SolutionProperties) = preSolution
		HideSolutionNode = FALSE
	EndGlobalSection
	GlobalSection(ExtensibilityGlobals) = postSolution
		SolutionGuid = {6820912E-78F7-4052-90BC-9A715AFFE604}
	EndGlobalSection
EndGlobal
